# THIS IS AN AUTOGENERATED FILE. DO NOT EDIT THIS FILE DIRECTLY.
# yarn lockfile v1


nats@^1.4.12:
  version "1.4.12"
  resolved "https://registry.yarnpkg.com/nats/-/nats-1.4.12.tgz#11a988d5041d95dfb1b6ac1e37c0cfb57b171579"
  dependencies:
    nuid "^1.1.4"
    ts-nkeys "^1.0.16"

nuid@^1.1.4:
  version "1.1.4"
  resolved "https://registry.yarnpkg.com/nuid/-/nuid-1.1.4.tgz#6145710b6cc9ef0df7b94af09c6d750925939097"

ts-nkeys@^1.0.16:
  version "1.0.16"
  resolved "https://registry.yarnpkg.com/ts-nkeys/-/ts-nkeys-1.0.16.tgz#b0c6e7c4f16f976c7e7ddb6982fc789a2f971248"
  dependencies:
    tweetnacl "^1.0.3"

tweetnacl@^1.0.3:
  version "1.0.3"
  resolved "https://registry.yarnpkg.com/tweetnacl/-/tweetnacl-1.0.3.tgz#ac0af71680458d8a6378d0d0d050ab1407d35596"
